
Microsoft Visual Studio Solution File, Format Version 12.00
# Visual Studio Version 17
VisualStudioVersion = 17.11.35327.3
MinimumVisualStudioVersion = 10.0.40219.1
Project("{9A19103F-16F7-4668-BE54-9A1E7A4F7556}") = "EMS.API", "EMS.API\EMS.API.csproj", "{3B335B96-A1B7-4F9C-8D0A-ACE33317C5BC}"
	ProjectSection(ProjectDependencies) = postProject
		{01355CDA-A086-4B78-8716-AD239F821BCA} = {01355CDA-A086-4B78-8716-AD239F821BCA}
		{3DF09272-5237-420E-92A2-44201B596908} = {3DF09272-5237-420E-92A2-44201B596908}
		{54B7E6A8-372D-40A1-B79E-C70B22C16C72} = {54B7E6A8-372D-40A1-B79E-C70B22C16C72}
		{97FE47BA-459B-4648-A08F-E7BD749A1ECD} = {97FE47BA-459B-4648-A08F-E7BD749A1ECD}
		{E2B26691-CA1F-4378-B6E8-92966FB6EF59} = {E2B26691-CA1F-4378-B6E8-92966FB6EF59}
	EndProjectSection
EndProject
Project("{FAE04EC0-301F-11D3-BF4B-00C04F79EFBC}") = "EMS.Domain", "EMS.Domain\EMS.Domain.csproj", "{97FE47BA-459B-4648-A08F-E7BD749A1ECD}"
	ProjectSection(ProjectDependencies) = postProject
		{01355CDA-A086-4B78-8716-AD239F821BCA} = {01355CDA-A086-4B78-8716-AD239F821BCA}
	EndProjectSection
EndProject
Project("{FAE04EC0-301F-11D3-BF4B-00C04F79EFBC}") = "EMS.Infrastructure", "EMS.Infrastructure\EMS.Infrastructure.csproj", "{E2B26691-CA1F-4378-B6E8-92966FB6EF59}"
	ProjectSection(ProjectDependencies) = postProject
		{01355CDA-A086-4B78-8716-AD239F821BCA} = {01355CDA-A086-4B78-8716-AD239F821BCA}
		{97FE47BA-459B-4648-A08F-E7BD749A1ECD} = {97FE47BA-459B-4648-A08F-E7BD749A1ECD}
	EndProjectSection
EndProject
Project("{FAE04EC0-301F-11D3-BF4B-00C04F79EFBC}") = "EMS.Application", "EMS.Application\EMS.Application.csproj", "{54B7E6A8-372D-40A1-B79E-C70B22C16C72}"
	ProjectSection(ProjectDependencies) = postProject
		{97FE47BA-459B-4648-A08F-E7BD749A1ECD} = {97FE47BA-459B-4648-A08F-E7BD749A1ECD}
		{E2B26691-CA1F-4378-B6E8-92966FB6EF59} = {E2B26691-CA1F-4378-B6E8-92966FB6EF59}
	EndProjectSection
EndProject
Project("{FAE04EC0-301F-11D3-BF4B-00C04F79EFBC}") = "EMS.PostgresMigrations", "EMS.PostgresMigrations\EMS.PostgresMigrations.csproj", "{3DF09272-5237-420E-92A2-44201B596908}"
	ProjectSection(ProjectDependencies) = postProject
		{E2B26691-CA1F-4378-B6E8-92966FB6EF59} = {E2B26691-CA1F-4378-B6E8-92966FB6EF59}
	EndProjectSection
EndProject
Project("{FAE04EC0-301F-11D3-BF4B-00C04F79EFBC}") = "Common", "Common\Common.csproj", "{01355CDA-A086-4B78-8716-AD239F821BCA}"
EndProject
Project("{FAE04EC0-301F-11D3-BF4B-00C04F79EFBC}") = "EMS.SqlServerMigrations", "EMS.SqlServerMigrations\EMS.SqlServerMigrations.csproj", "{CAE37933-5773-414D-9DF7-9E431CD40FCE}"
	ProjectSection(ProjectDependencies) = postProject
		{E2B26691-CA1F-4378-B6E8-92966FB6EF59} = {E2B26691-CA1F-4378-B6E8-92966FB6EF59}
	EndProjectSection
EndProject
Global
	GlobalSection(SolutionConfigurationPlatforms) = preSolution
		Debug|Any CPU = Debug|Any CPU
		Release|Any CPU = Release|Any CPU
	EndGlobalSection
	GlobalSection(ProjectConfigurationPlatforms) = postSolution
		{3B335B96-A1B7-4F9C-8D0A-ACE33317C5BC}.Debug|Any CPU.ActiveCfg = Debug|Any CPU
		{3B335B96-A1B7-4F9C-8D0A-ACE33317C5BC}.Debug|Any CPU.Build.0 = Debug|Any CPU
		{3B335B96-A1B7-4F9C-8D0A-ACE33317C5BC}.Release|Any CPU.ActiveCfg = Release|Any CPU
		{3B335B96-A1B7-4F9C-8D0A-ACE33317C5BC}.Release|Any CPU.Build.0 = Release|Any CPU
		{97FE47BA-459B-4648-A08F-E7BD749A1ECD}.Debug|Any CPU.ActiveCfg = Debug|Any CPU
		{97FE47BA-459B-4648-A08F-E7BD749A1ECD}.Debug|Any CPU.Build.0 = Debug|Any CPU
		{97FE47BA-459B-4648-A08F-E7BD749A1ECD}.Release|Any CPU.ActiveCfg = Release|Any CPU
		{97FE47BA-459B-4648-A08F-E7BD749A1ECD}.Release|Any CPU.Build.0 = Release|Any CPU
		{E2B26691-CA1F-4378-B6E8-92966FB6EF59}.Debug|Any CPU.ActiveCfg = Debug|Any CPU
		{E2B26691-CA1F-4378-B6E8-92966FB6EF59}.Debug|Any CPU.Build.0 = Debug|Any CPU
		{E2B26691-CA1F-4378-B6E8-92966FB6EF59}.Release|Any CPU.ActiveCfg = Release|Any CPU
		{E2B26691-CA1F-4378-B6E8-92966FB6EF59}.Release|Any CPU.Build.0 = Release|Any CPU
		{54B7E6A8-372D-40A1-B79E-C70B22C16C72}.Debug|Any CPU.ActiveCfg = Debug|Any CPU
		{54B7E6A8-372D-40A1-B79E-C70B22C16C72}.Debug|Any CPU.Build.0 = Debug|Any CPU
		{54B7E6A8-372D-40A1-B79E-C70B22C16C72}.Release|Any CPU.ActiveCfg = Release|Any CPU
		{54B7E6A8-372D-40A1-B79E-C70B22C16C72}.Release|Any CPU.Build.0 = Release|Any CPU
		{3DF09272-5237-420E-92A2-44201B596908}.Debug|Any CPU.ActiveCfg = Debug|Any CPU
		{3DF09272-5237-420E-92A2-44201B596908}.Debug|Any CPU.Build.0 = Debug|Any CPU
		{3DF09272-5237-420E-92A2-44201B596908}.Release|Any CPU.ActiveCfg = Release|Any CPU
		{3DF09272-5237-420E-92A2-44201B596908}.Release|Any CPU.Build.0 = Release|Any CPU
		{01355CDA-A086-4B78-8716-AD239F821BCA}.Debug|Any CPU.ActiveCfg = Debug|Any CPU
		{01355CDA-A086-4B78-8716-AD239F821BCA}.Debug|Any CPU.Build.0 = Debug|Any CPU
		{01355CDA-A086-4B78-8716-AD239F821BCA}.Release|Any CPU.ActiveCfg = Release|Any CPU
		{01355CDA-A086-4B78-8716-AD239F821BCA}.Release|Any CPU.Build.0 = Release|Any CPU
		{CAE37933-5773-414D-9DF7-9E431CD40FCE}.Debug|Any CPU.ActiveCfg = Debug|Any CPU
		{CAE37933-5773-414D-9DF7-9E431CD40FCE}.Debug|Any CPU.Build.0 = Debug|Any CPU
		{CAE37933-5773-414D-9DF7-9E431CD40FCE}.Release|Any CPU.ActiveCfg = Release|Any CPU
		{CAE37933-5773-414D-9DF7-9E431CD40FCE}.Release|Any CPU.Build.0 = Release|Any CPU
	EndGlobalSection
	GlobalSection(SolutionProperties) = preSolution
		HideSolutionNode = FALSE
	EndGlobalSection
	GlobalSection(ExtensibilityGlobals) = postSolution
		SolutionGuid = {02DDE7FE-0CA8-47FF-9541-E89868183063}
	EndGlobalSection
EndGlobal
